
Microsoft Visual Studio Solution File, Format Version 11.00
# Visual Studio 2010
Project("{FAE04EC0-301F-11D3-BF4B-00C04F79EFBC}") = "NCRVisual", "NCRVisual\NCRVisual.csproj", "{9FE80925-D432-4CCF-BB66-F92C60497AD7}"
	ProjectSection(ProjectDependencies) = postProject
		{59006AA4-0F00-42D4-B51B-2B1581CA1F5A} = {59006AA4-0F00-42D4-B51B-2B1581CA1F5A}
	EndProjectSection
EndProject
Project("{FAE04EC0-301F-11D3-BF4B-00C04F79EFBC}") = "RelationDiagram", "RelationDiagram\RelationDiagram.csproj", "{59006AA4-0F00-42D4-B51B-2B1581CA1F5A}"
EndProject
Project("{FAE04EC0-301F-11D3-BF4B-00C04F79EFBC}") = "PersonalInfoAndStatistics", "PersonalInfoAndStatistics\PersonalInfoAndStatistics.csproj", "{95195C7D-2688-4AB3-B8C2-79F869878C81}"
EndProject
Project("{FAE04EC0-301F-11D3-BF4B-00C04F79EFBC}") = "NCRVisual.Web", "NCRVisual.Web\NCRVisual.Web.csproj", "{DB0A9447-33E6-416E-A9C3-A53214D2B237}"
EndProject
Global
	GlobalSection(SubversionScc) = preSolution
		Svn-Managed = True
		Manager = AnkhSVN - Subversion Support for Visual Studio
	EndGlobalSection
	GlobalSection(SolutionConfigurationPlatforms) = preSolution
		Debug|Any CPU = Debug|Any CPU
		Release|Any CPU = Release|Any CPU
	EndGlobalSection
	GlobalSection(ProjectConfigurationPlatforms) = postSolution
		{9FE80925-D432-4CCF-BB66-F92C60497AD7}.Debug|Any CPU.ActiveCfg = Debug|Any CPU
		{9FE80925-D432-4CCF-BB66-F92C60497AD7}.Debug|Any CPU.Build.0 = Debug|Any CPU
		{9FE80925-D432-4CCF-BB66-F92C60497AD7}.Release|Any CPU.ActiveCfg = Release|Any CPU
		{9FE80925-D432-4CCF-BB66-F92C60497AD7}.Release|Any CPU.Build.0 = Release|Any CPU
		{59006AA4-0F00-42D4-B51B-2B1581CA1F5A}.Debug|Any CPU.ActiveCfg = Debug|Any CPU
		{59006AA4-0F00-42D4-B51B-2B1581CA1F5A}.Debug|Any CPU.Build.0 = Debug|Any CPU
		{59006AA4-0F00-42D4-B51B-2B1581CA1F5A}.Release|Any CPU.ActiveCfg = Release|Any CPU
		{59006AA4-0F00-42D4-B51B-2B1581CA1F5A}.Release|Any CPU.Build.0 = Release|Any CPU
		{95195C7D-2688-4AB3-B8C2-79F869878C81}.Debug|Any CPU.ActiveCfg = Debug|Any CPU
		{95195C7D-2688-4AB3-B8C2-79F869878C81}.Debug|Any CPU.Build.0 = Debug|Any CPU
		{95195C7D-2688-4AB3-B8C2-79F869878C81}.Release|Any CPU.ActiveCfg = Release|Any CPU
		{95195C7D-2688-4AB3-B8C2-79F869878C81}.Release|Any CPU.Build.0 = Release|Any CPU
		{DB0A9447-33E6-416E-A9C3-A53214D2B237}.Debug|Any CPU.ActiveCfg = Debug|Any CPU
		{DB0A9447-33E6-416E-A9C3-A53214D2B237}.Debug|Any CPU.Build.0 = Debug|Any CPU
		{DB0A9447-33E6-416E-A9C3-A53214D2B237}.Release|Any CPU.ActiveCfg = Release|Any CPU
		{DB0A9447-33E6-416E-A9C3-A53214D2B237}.Release|Any CPU.Build.0 = Release|Any CPU
	EndGlobalSection
	GlobalSection(SolutionProperties) = preSolution
		HideSolutionNode = FALSE
	EndGlobalSection
EndGlobal
