
Microsoft Visual Studio Solution File, Format Version 10.00
# Visual Studio 2008
Project("{FAE04EC0-301F-11D3-BF4B-00C04F79EFBC}") = "TestAlgo", "TestAlgo\TestAlgo.csproj", "{415F0D74-5B8B-438B-AE2D-C6F2C3605619}"
EndProject
Project("{FAE04EC0-301F-11D3-BF4B-00C04F79EFBC}") = "TestAlgo.Web", "TestAlgo.Web\TestAlgo.Web.csproj", "{D721B726-8B4F-4520-BE4A-DE5067E375CE}"
EndProject
Global
	GlobalSection(SolutionConfigurationPlatforms) = preSolution
		Debug|Any CPU = Debug|Any CPU
		Release|Any CPU = Release|Any CPU
	EndGlobalSection
	GlobalSection(ProjectConfigurationPlatforms) = postSolution
		{415F0D74-5B8B-438B-AE2D-C6F2C3605619}.Debug|Any CPU.ActiveCfg = Debug|Any CPU
		{415F0D74-5B8B-438B-AE2D-C6F2C3605619}.Debug|Any CPU.Build.0 = Debug|Any CPU
		{415F0D74-5B8B-438B-AE2D-C6F2C3605619}.Release|Any CPU.ActiveCfg = Release|Any CPU
		{415F0D74-5B8B-438B-AE2D-C6F2C3605619}.Release|Any CPU.Build.0 = Release|Any CPU
		{D721B726-8B4F-4520-BE4A-DE5067E375CE}.Debug|Any CPU.ActiveCfg = Debug|Any CPU
		{D721B726-8B4F-4520-BE4A-DE5067E375CE}.Debug|Any CPU.Build.0 = Debug|Any CPU
		{D721B726-8B4F-4520-BE4A-DE5067E375CE}.Release|Any CPU.ActiveCfg = Release|Any CPU
		{D721B726-8B4F-4520-BE4A-DE5067E375CE}.Release|Any CPU.Build.0 = Release|Any CPU
	EndGlobalSection
	GlobalSection(SolutionProperties) = preSolution
		HideSolutionNode = FALSE
	EndGlobalSection
EndGlobal
